// !$*UTF8*$!
{
	archiveVersion = 1;
	classes = {
	};
	objectVersion = 46;
	objects = {

/* Begin PBXBuildFile section */
		75CDB94B1A1D430B006DA07C /* Valentino2.jpg in Resources */ = {isa = PBXBuildFile; fileRef = 75CDB9491A1D430B006DA07C /* Valentino2.jpg */; };
		75CDB94C1A1D430B006DA07C /* Ryan.JPG in Resources */ = {isa = PBXBuildFile; fileRef = 75CDB94A1A1D430B006DA07C /* Ryan.JPG */; };
		75F006151A1AF5FD002AF918 /* AppDelegate.swift in Sources */ = {isa = PBXBuildFile; fileRef = 75F006141A1AF5FD002AF918 /* AppDelegate.swift */; };
		75F006171A1AF5FD002AF918 /* ViewController.swift in Sources */ = {isa = PBXBuildFile; fileRef = 75F006161A1AF5FD002AF918 /* ViewController.swift */; };
		75F0061A1A1AF5FD002AF918 /* Main.storyboard in Resources */ = {isa = PBXBuildFile; fileRef = 75F006181A1AF5FD002AF918 /* Main.storyboard */; };
		75F0061C1A1AF5FD002AF918 /* Images.xcassets in Resources */ = {isa = PBXBuildFile; fileRef = 75F0061B1A1AF5FD002AF918 /* Images.xcassets */; };
		75F0061F1A1AF5FD002AF918 /* LaunchScreen.xib in Resources */ = {isa = PBXBuildFile; fileRef = 75F0061D1A1AF5FD002AF918 /* LaunchScreen.xib */; };
		75F0062B1A1AF5FE002AF918 /* PostcardTests.swift in Sources */ = {isa = PBXBuildFile; fileRef = 75F0062A1A1AF5FE002AF918 /* PostcardTests.swift */; };
/* End PBXBuildFile section */

/* Begin PBXContainerItemProxy section */
		75F006251A1AF5FD002AF918 /* PBXContainerItemProxy */ = {
			isa = PBXContainerItemProxy;
			containerPortal = 75F006071A1AF5FD002AF918 /* Project object */;
			proxyType = 1;
			remoteGlobalIDString = 75F0060E1A1AF5FD002AF918;
			remoteInfo = Postcard;
		};
/* End PBXContainerItemProxy section */

/* Begin PBXFileReference section */
		75CDB9491A1D430B006DA07C /* Valentino2.jpg */ = {isa = PBXFileReference; lastKnownFileType = image.jpeg; path = Valentino2.jpg; sourceTree = "<group>"; };
		75CDB94A1A1D430B006DA07C /* Ryan.JPG */ = {isa = PBXFileReference; lastKnownFileType = image.jpeg; path = Ryan.JPG; sourceTree = "<group>"; };
		75F0060F1A1AF5FD002AF918 /* Postcard.app */ = {isa = PBXFileReference; explicitFileType = wrapper.application; includeInIndex = 0; path = Postcard.app; sourceTree = BUILT_PRODUCTS_DIR; };
		75F006131A1AF5FD002AF918 /* Info.plist */ = {isa = PBXFileReference; lastKnownFileType = text.plist.xml; path = Info.plist; sourceTree = "<group>"; };
		75F006141A1AF5FD002AF918 /* AppDelegate.swift */ = {isa = PBXFileReference; lastKnownFileType = sourcecode.swift; path = AppDelegate.swift; sourceTree = "<group>"; };
		75F006161A1AF5FD002AF918 /* ViewController.swift */ = {isa = PBXFileReference; lastKnownFileType = sourcecode.swift; path = ViewController.swift; sourceTree = "<group>"; };
		75F006191A1AF5FD002AF918 /* Base */ = {isa = PBXFileReference; lastKnownFileType = file.storyboard; name = Base; path = Base.lproj/Main.storyboard; sourceTree = "<group>"; };
		75F0061B1A1AF5FD002AF918 /* Images.xcassets */ = {isa = PBXFileReference; lastKnownFileType = folder.assetcatalog; path = Images.xcassets; sourceTree = "<group>"; };
		75F0061E1A1AF5FD002AF918 /* Base */ = {isa = PBXFileReference; lastKnownFileType = file.xib; name = Base; path = Base.lproj/LaunchScreen.xib; sourceTree = "<group>"; };
		75F006241A1AF5FD002AF918 /* PostcardTests.xctest */ = {isa = PBXFileReference; explicitFileType = wrapper.cfbundle; includeInIndex = 0; path = PostcardTests.xctest; sourceTree = BUILT_PRODUCTS_DIR; };
		75F006291A1AF5FD002AF918 /* Info.plist */ = {isa = PBXFileReference; lastKnownFileType = text.plist.xml; path = Info.plist; sourceTree = "<group>"; };
		75F0062A1A1AF5FE002AF918 /* PostcardTests.swift */ = {isa = PBXFileReference; lastKnownFileType = sourcecode.swift; path = PostcardTests.swift; sourceTree = "<group>"; };
/* End PBXFileReference section */

/* Begin PBXFrameworksBuildPhase section */
		75F0060C1A1AF5FD002AF918 /* Frameworks */ = {
			isa = PBXFrameworksBuildPhase;
			buildActionMask = 2147483647;
			files = (
			);
			runOnlyForDeploymentPostprocessing = 0;
		};
		75F006211A1AF5FD002AF918 /* Frameworks */ = {
			isa = PBXFrameworksBuildPhase;
			buildActionMask = 2147483647;
			files = (
			);
			runOnlyForDeploymentPostprocessing = 0;
		};
/* End PBXFrameworksBuildPhase section */

/* Begin PBXGroup section */
		75F006061A1AF5FD002AF918 = {
			isa = PBXGroup;
			children = (
				75F006111A1AF5FD002AF918 /* Postcard */,
				75F006271A1AF5FD002AF918 /* PostcardTests */,
				75F006101A1AF5FD002AF918 /* Products */,
			);
			sourceTree = "<group>";
		};
		75F006101A1AF5FD002AF918 /* Products */ = {
			isa = PBXGroup;
			children = (
				75F0060F1A1AF5FD002AF918 /* Postcard.app */,
				75F006241A1AF5FD002AF918 /* PostcardTests.xctest */,
			);
			name = Products;
			sourceTree = "<group>";
		};
		75F006111A1AF5FD002AF918 /* Postcard */ = {
			isa = PBXGroup;
			children = (
				75F006141A1AF5FD002AF918 /* AppDelegate.swift */,
				75F006161A1AF5FD002AF918 /* ViewController.swift */,
				75F006181A1AF5FD002AF918 /* Main.storyboard */,
				75F0061B1A1AF5FD002AF918 /* Images.xcassets */,
				75F0061D1A1AF5FD002AF918 /* LaunchScreen.xib */,
				75F006121A1AF5FD002AF918 /* Supporting Files */,
			);
			path = Postcard;
			sourceTree = "<group>";
		};
		75F006121A1AF5FD002AF918 /* Supporting Files */ = {
			isa = PBXGroup;
			children = (
				75CDB9491A1D430B006DA07C /* Valentino2.jpg */,
				75CDB94A1A1D430B006DA07C /* Ryan.JPG */,
				75F006131A1AF5FD002AF918 /* Info.plist */,
			);
			name = "Supporting Files";
			sourceTree = "<group>";
		};
		75F006271A1AF5FD002AF918 /* PostcardTests */ = {
			isa = PBXGroup;
			children = (
				75F0062A1A1AF5FE002AF918 /* PostcardTests.swift */,
				75F006281A1AF5FD002AF918 /* Supporting Files */,
			);
			path = PostcardTests;
			sourceTree = "<group>";
		};
		75F006281A1AF5FD002AF918 /* Supporting Files */ = {
			isa = PBXGroup;
			children = (
				75F006291A1AF5FD002AF918 /* Info.plist */,
			);
			name = "Supporting Files";
			sourceTree = "<group>";
		};
/* End PBXGroup section */

/* Begin PBXNativeTarget section */
		75F0060E1A1AF5FD002AF918 /* Postcard */ = {
			isa = PBXNativeTarget;
			buildConfigurationList = 75F0062E1A1AF5FE002AF918 /* Build configuration list for PBXNativeTarget "Postcard" */;
			buildPhases = (
				75F0060B1A1AF5FD002AF918 /* Sources */,
				75F0060C1A1AF5FD002AF918 /* Frameworks */,
				75F0060D1A1AF5FD002AF918 /* Resources */,
			);
			buildRules = (
			);
			dependencies = (
			);
			name = Postcard;
			productName = Postcard;
			productReference = 75F0060F1A1AF5FD002AF918 /* Postcard.app */;
			productType = "com.apple.product-type.application";
		};
		75F006231A1AF5FD002AF918 /* PostcardTests */ = {
			isa = PBXNativeTarget;
			buildConfigurationList = 75F006311A1AF5FE002AF918 /* Build configuration list for PBXNativeTarget "PostcardTests" */;
			buildPhases = (
				75F006201A1AF5FD002AF918 /* Sources */,
				75F006211A1AF5FD002AF918 /* Frameworks */,
				75F006221A1AF5FD002AF918 /* Resources */,
			);
			buildRules = (
			);
			dependencies = (
				75F006261A1AF5FD002AF918 /* PBXTargetDependency */,
			);
			name = PostcardTests;
			productName = PostcardTests;
			productReference = 75F006241A1AF5FD002AF918 /* PostcardTests.xctest */;
			productType = "com.apple.product-type.bundle.unit-test";
		};
/* End PBXNativeTarget section */

/* Begin PBXProject section */
		75F006071A1AF5FD002AF918 /* Project object */ = {
			isa = PBXProject;
			attributes = {
				LastUpgradeCheck = 0610;
				ORGANIZATIONNAME = "Anuj Agarwal";
				TargetAttributes = {
					75F0060E1A1AF5FD002AF918 = {
						CreatedOnToolsVersion = 6.1;
					};
					75F006231A1AF5FD002AF918 = {
						CreatedOnToolsVersion = 6.1;
						TestTargetID = 75F0060E1A1AF5FD002AF918;
					};
				};
			};
			buildConfigurationList = 75F0060A1A1AF5FD002AF918 /* Build configuration list for PBXProject "Postcard" */;
			compatibilityVersion = "Xcode 3.2";
			developmentRegion = English;
			hasScannedForEncodings = 0;
			knownRegions = (
				en,
				Base,
			);
			mainGroup = 75F006061A1AF5FD002AF918;
			productRefGroup = 75F006101A1AF5FD002AF918 /* Products */;
			projectDirPath = "";
			projectRoot = "";
			targets = (
				75F0060E1A1AF5FD002AF918 /* Postcard */,
				75F006231A1AF5FD002AF918 /* PostcardTests */,
			);
		};
/* End PBXProject section */

/* Begin PBXResourcesBuildPhase section */
		75F0060D1A1AF5FD002AF918 /* Resources */ = {
			isa = PBXResourcesBuildPhase;
			buildActionMask = 2147483647;
			files = (
				75F0061A1A1AF5FD002AF918 /* Main.storyboard in Resources */,
				75F0061F1A1AF5FD002AF918 /* LaunchScreen.xib in Resources */,
				75F0061C1A1AF5FD002AF918 /* Images.xcassets in Resources */,
				75CDB94B1A1D430B006DA07C /* Valentino2.jpg in Resources */,
				75CDB94C1A1D430B006DA07C /* Ryan.JPG in Resources */,
			);
			runOnlyForDeploymentPostprocessing = 0;
		};
		75F006221A1AF5FD002AF918 /* Resources */ = {
			isa = PBXResourcesBuildPhase;
			buildActionMask = 2147483647;
			files = (
			);
			runOnlyForDeploymentPostprocessing = 0;
		};
/* End PBXResourcesBuildPhase section */

/* Begin PBXSourcesBuildPhase section */
		75F0060B1A1AF5FD002AF918 /* Sources */ = {
			isa = PBXSourcesBuildPhase;
			buildActionMask = 2147483647;
			files = (
				75F006171A1AF5FD002AF918 /* ViewController.swift in Sources */,
				75F006151A1AF5FD002AF918 /* AppDelegate.swift in Sources */,
			);
			runOnlyForDeploymentPostprocessing = 0;
		};
		75F006201A1AF5FD002AF918 /* Sources */ = {
			isa = PBXSourcesBuildPhase;
			buildActionMask = 2147483647;
			files = (
				75F0062B1A1AF5FE002AF918 /* PostcardTests.swift in Sources */,
			);
			runOnlyForDeploymentPostprocessing = 0;
		};
/* End PBXSourcesBuildPhase section */

/* Begin PBXTargetDependency section */
		75F006261A1AF5FD002AF918 /* PBXTargetDependency */ = {
			isa = PBXTargetDependency;
			target = 75F0060E1A1AF5FD002AF918 /* Postcard */;
			targetProxy = 75F006251A1AF5FD002AF918 /* PBXContainerItemProxy */;
		};
/* End PBXTargetDependency section */

/* Begin PBXVariantGroup section */
		75F006181A1AF5FD002AF918 /* Main.storyboard */ = {
			isa = PBXVariantGroup;
			children = (
				75F006191A1AF5FD002AF918 /* Base */,
			);
			name = Main.storyboard;
			sourceTree = "<group>";
		};
		75F0061D1A1AF5FD002AF918 /* LaunchScreen.xib */ = {
			isa = PBXVariantGroup;
			children = (
				75F0061E1A1AF5FD002AF918 /* Base */,
			);
			name = LaunchScreen.xib;
			sourceTree = "<group>";
		};
/* End PBXVariantGroup section */

/* Begin XCBuildConfiguration section */
		75F0062C1A1AF5FE002AF918 /* Debug */ = {
			isa = XCBuildConfiguration;
			buildSettings = {
				ALWAYS_SEARCH_USER_PATHS = NO;
				CLANG_CXX_LANGUAGE_STANDARD = "gnu++0x";
				CLANG_CXX_LIBRARY = "libc++";
				CLANG_ENABLE_MODULES = YES;
				CLANG_ENABLE_OBJC_ARC = YES;
				CLANG_WARN_BOOL_CONVERSION = YES;
				CLANG_WARN_CONSTANT_CONVERSION = YES;
				CLANG_WARN_DIRECT_OBJC_ISA_USAGE = YES_ERROR;
				CLANG_WARN_EMPTY_BODY = YES;
				CLANG_WARN_ENUM_CONVERSION = YES;
				CLANG_WARN_INT_CONVERSION = YES;
				CLANG_WARN_OBJC_ROOT_CLASS = YES_ERROR;
				CLANG_WARN_UNREACHABLE_CODE = YES;
				CLANG_WARN__DUPLICATE_METHOD_MATCH = YES;
				"CODE_SIGN_IDENTITY[sdk=iphoneos*]" = "iPhone Developer";
				COPY_PHASE_STRIP = NO;
				ENABLE_STRICT_OBJC_MSGSEND = YES;
				GCC_C_LANGUAGE_STANDARD = gnu99;
				GCC_DYNAMIC_NO_PIC = NO;
				GCC_OPTIMIZATION_LEVEL = 0;
				GCC_PREPROCESSOR_DEFINITIONS = (
					"DEBUG=1",
					"$(inherited)",
				);
				GCC_SYMBOLS_PRIVATE_EXTERN = NO;
				GCC_WARN_64_TO_32_BIT_CONVERSION = YES;
				GCC_WARN_ABOUT_RETURN_TYPE = YES_ERROR;
				GCC_WARN_UNDECLARED_SELECTOR = YES;
				GCC_WARN_UNINITIALIZED_AUTOS = YES_AGGRESSIVE;
				GCC_WARN_UNUSED_FUNCTION = YES;
				GCC_WARN_UNUSED_VARIABLE = YES;
				IPHONEOS_DEPLOYMENT_TARGET = 8.1;
				MTL_ENABLE_DEBUG_INFO = YES;
				ONLY_ACTIVE_ARCH = YES;
				SDKROOT = iphoneos;
				SWIFT_OPTIMIZATION_LEVEL = "-Onone";
				TARGETED_DEVICE_FAMILY = "1,2";
			};
			name = Debug;
		};
		75F0062D1A1AF5FE002AF918 /* Release */ = {
			isa = XCBuildConfiguration;
			buildSettings = {
				ALWAYS_SEARCH_USER_PATHS = NO;
				CLANG_CXX_LANGUAGE_STANDARD = "gnu++0x";
				CLANG_CXX_LIBRARY = "libc++";
				CLANG_ENABLE_MODULES = YES;
				CLANG_ENABLE_OBJC_ARC = YES;
				CLANG_WARN_BOOL_CONVERSION = YES;
				CLANG_WARN_CONSTANT_CONVERSION = YES;
				CLANG_WARN_DIRECT_OBJC_ISA_USAGE = YES_ERROR;
				CLANG_WARN_EMPTY_BODY = YES;
				CLANG_WARN_ENUM_CONVERSION = YES;
				CLANG_WARN_INT_CONVERSION = YES;
				CLANG_WARN_OBJC_ROOT_CLASS = YES_ERROR;
				CLANG_WARN_UNREACHABLE_CODE = YES;
				CLANG_WARN__DUPLICATE_METHOD_MATCH = YES;
				"CODE_SIGN_IDENTITY[sdk=iphoneos*]" = "iPhone Developer";
				COPY_PHASE_STRIP = YES;
				ENABLE_NS_ASSERTIONS = NO;
				ENABLE_STRICT_OBJC_MSGSEND = YES;
				GCC_C_LANGUAGE_STANDARD = gnu99;
				GCC_WARN_64_TO_32_BIT_CONVERSION = YES;
				GCC_WARN_ABOUT_RETURN_TYPE = YES_ERROR;
				GCC_WARN_UNDECLARED_SELECTOR = YES;
				GCC_WARN_UNINITIALIZED_AUTOS = YES_AGGRESSIVE;
				GCC_WARN_UNUSED_FUNCTION = YES;
				GCC_WARN_UNUSED_VARIABLE = YES;
				IPHONEOS_DEPLOYMENT_TARGET = 8.1;
				MTL_ENABLE_DEBUG_INFO = NO;
				SDKROOT = iphoneos;
				TARGETED_DEVICE_FAMILY = "1,2";
				VALIDATE_PRODUCT = YES;
			};
			name = Release;
		};
		75F0062F1A1AF5FE002AF918 /* Debug */ = {
			isa = XCBuildConfiguration;
			buildSettings = {
				ASSETCATALOG_COMPILER_APPICON_NAME = AppIcon;
				INFOPLIST_FILE = Postcard/Info.plist;
				LD_RUNPATH_SEARCH_PATHS = "$(inherited) @executable_path/Frameworks";
				PRODUCT_NAME = "$(TARGET_NAME)";
				TARGETED_DEVICE_FAMILY = "1,2";
			};
			name = Debug;
		};
		75F006301A1AF5FE002AF918 /* Release */ = {
			isa = XCBuildConfiguration;
			buildSettings = {
				ASSETCATALOG_COMPILER_APPICON_NAME = AppIcon;
				INFOPLIST_FILE = Postcard/Info.plist;
				LD_RUNPATH_SEARCH_PATHS = "$(inherited) @executable_path/Frameworks";
				PRODUCT_NAME = "$(TARGET_NAME)";
				TARGETED_DEVICE_FAMILY = "1,2";
			};
			name = Release;
		};
		75F006321A1AF5FE002AF918 /* Debug */ = {
			isa = XCBuildConfiguration;
			buildSettings = {
				BUNDLE_LOADER = "$(TEST_HOST)";
				FRAMEWORK_SEARCH_PATHS = (
					"$(SDKROOT)/Developer/Library/Frameworks",
					"$(inherited)",
				);
				GCC_PREPROCESSOR_DEFINITIONS = (
					"DEBUG=1",
					"$(inherited)",
				);
				INFOPLIST_FILE = PostcardTests/Info.plist;
				LD_RUNPATH_SEARCH_PATHS = "$(inherited) @executable_path/Frameworks @loader_path/Frameworks";
				PRODUCT_NAME = "$(TARGET_NAME)";
				TEST_HOST = "$(BUILT_PRODUCTS_DIR)/Postcard.app/Postcard";
			};
			name = Debug;
		};
		75F006331A1AF5FE002AF918 /* Release */ = {
			isa = XCBuildConfiguration;
			buildSettings = {
				BUNDLE_LOADER = "$(TEST_HOST)";
				FRAMEWORK_SEARCH_PATHS = (
					"$(SDKROOT)/Developer/Library/Frameworks",
					"$(inherited)",
				);
				INFOPLIST_FILE = PostcardTests/Info.plist;
				LD_RUNPATH_SEARCH_PATHS = "$(inherited) @executable_path/Frameworks @loader_path/Frameworks";
				PRODUCT_NAME = "$(TARGET_NAME)";
				TEST_HOST = "$(BUILT_PRODUCTS_DIR)/Postcard.app/Postcard";
			};
			name = Release;
		};
/* End XCBuildConfiguration section */

/* Begin XCConfigurationList section */
		75F0060A1A1AF5FD002AF918 /* Build configuration list for PBXProject "Postcard" */ = {
			isa = XCConfigurationList;
			buildConfigurations = (
				75F0062C1A1AF5FE002AF918 /* Debug */,
				75F0062D1A1AF5FE002AF918 /* Release */,
			);
			defaultConfigurationIsVisible = 0;
			defaultConfigurationName = Release;
		};
		75F0062E1A1AF5FE002AF918 /* Build configuration list for PBXNativeTarget "Postcard" */ = {
			isa = XCConfigurationList;
			buildConfigurations = (
				75F0062F1A1AF5FE002AF918 /* Debug */,
				75F006301A1AF5FE002AF918 /* Release */,
			);
			defaultConfigurationIsVisible = 0;
			defaultConfigurationName = Release;
		};
		75F006311A1AF5FE002AF918 /* Build configuration list for PBXNativeTarget "PostcardTests" */ = {
			isa = XCConfigurationList;
			buildConfigurations = (
				75F006321A1AF5FE002AF918 /* Debug */,
				75F006331A1AF5FE002AF918 /* Release */,
			);
			defaultConfigurationIsVisible = 0;
			defaultConfigurationName = Release;
		};
/* End XCConfigurationList section */
	};
	rootObject = 75F006071A1AF5FD002AF918 /* Project object */;
}
